
Microsoft Visual Studio Solution File, Format Version 12.00
# Visual Studio 15
VisualStudioVersion = 15.0.27703.2042
MinimumVisualStudioVersion = 10.0.40219.1
Project("{FAE04EC0-301F-11D3-BF4B-00C04F79EFBC}") = "Moudou.FileReader", "Moudou.FileReader\Moudou.FileReader.csproj", "{2AEF98B5-63A4-4328-9FCF-F1F50D6EF120}"
EndProject
Project("{FAE04EC0-301F-11D3-BF4B-00C04F79EFBC}") = "Moudou.FileReader.Sample", "Moudou.FileReader.Sample\Moudou.FileReader.Sample.csproj", "{99F91258-A80D-4E78-9CD1-82B0D16614C0}"
EndProject
Global
	GlobalSection(SolutionConfigurationPlatforms) = preSolution
		Debug|Any CPU = Debug|Any CPU
		Release|Any CPU = Release|Any CPU
	EndGlobalSection
	GlobalSection(ProjectConfigurationPlatforms) = postSolution
		{2AEF98B5-63A4-4328-9FCF-F1F50D6EF120}.Debug|Any CPU.ActiveCfg = Debug|Any CPU
		{2AEF98B5-63A4-4328-9FCF-F1F50D6EF120}.Debug|Any CPU.Build.0 = Debug|Any CPU
		{2AEF98B5-63A4-4328-9FCF-F1F50D6EF120}.Release|Any CPU.ActiveCfg = Release|Any CPU
		{2AEF98B5-63A4-4328-9FCF-F1F50D6EF120}.Release|Any CPU.Build.0 = Release|Any CPU
		{99F91258-A80D-4E78-9CD1-82B0D16614C0}.Debug|Any CPU.ActiveCfg = Debug|Any CPU
		{99F91258-A80D-4E78-9CD1-82B0D16614C0}.Debug|Any CPU.Build.0 = Debug|Any CPU
		{99F91258-A80D-4E78-9CD1-82B0D16614C0}.Release|Any CPU.ActiveCfg = Release|Any CPU
		{99F91258-A80D-4E78-9CD1-82B0D16614C0}.Release|Any CPU.Build.0 = Release|Any CPU
	EndGlobalSection
	GlobalSection(SolutionProperties) = preSolution
		HideSolutionNode = FALSE
	EndGlobalSection
	GlobalSection(ExtensibilityGlobals) = postSolution
		SolutionGuid = {563BEB2C-30AE-4A1A-8056-AE7208B59B7A}
	EndGlobalSection
EndGlobal
